
Microsoft Visual Studio Solution File, Format Version 12.00
# Visual Studio Version 17
VisualStudioVersion = 17.7.34031.279
MinimumVisualStudioVersion = 10.0.40219.1
Project("{FAE04EC0-301F-11D3-BF4B-00C04F79EFBC}") = "TRMDataManager", "TRMDataManager\TRMDataManager.csproj", "{2A41B5D8-3841-45E5-8BBA-6E611384F028}"
EndProject
Project("{00D1A9C2-B5F0-4AF3-8072-F6C62B433612}") = "TRMData", "TRMData\TRMData.sqlproj", "{1FB70C0A-943F-4C68-B680-7E96797B4A32}"
EndProject
Project("{FAE04EC0-301F-11D3-BF4B-00C04F79EFBC}") = "TRMDesktopUI", "TRMDesktopUI\TRMDesktopUI.csproj", "{CB6050C8-1F23-44E9-A77C-C1854E162746}"
EndProject
Project("{9A19103F-16F7-4668-BE54-9A1E7A4F7556}") = "TRMDataManager.Library", "TRMDataManager.Library\TRMDataManager.Library.csproj", "{C943F63B-652A-49EE-8AF2-8BD1B1A329E4}"
EndProject
Project("{9A19103F-16F7-4668-BE54-9A1E7A4F7556}") = "TRMDesktopUI.Library", "TRMDesktopUI.Library\TRMDesktopUI.Library.csproj", "{6FFB581A-7442-403C-9605-0E6A91D50BB6}"
EndProject
Project("{2150E333-8FDC-42A3-9474-1A3956D46DE8}") = "Database", "Database", "{9377EBA8-8D74-4BA1-90F2-58AE79C7A3BF}"
EndProject
Project("{2150E333-8FDC-42A3-9474-1A3956D46DE8}") = "API", "API", "{21719EBD-8896-4E5B-94AC-B15834ED91DD}"
EndProject
Project("{2150E333-8FDC-42A3-9474-1A3956D46DE8}") = "WPF", "WPF", "{A8B3DBB0-A011-4546-85D2-48C34EAD3CDC}"
EndProject
Project("{FAE04EC0-301F-11D3-BF4B-00C04F79EFBC}") = "TRMApi", "TRMApi\TRMApi.csproj", "{381C9FC5-2DF4-4360-AF21-ECA4D31BCDF0}"
EndProject
Global
	GlobalSection(SolutionConfigurationPlatforms) = preSolution
		Debug|Any CPU = Debug|Any CPU
		Release|Any CPU = Release|Any CPU
	EndGlobalSection
	GlobalSection(ProjectConfigurationPlatforms) = postSolution
		{2A41B5D8-3841-45E5-8BBA-6E611384F028}.Debug|Any CPU.ActiveCfg = Debug|Any CPU
		{2A41B5D8-3841-45E5-8BBA-6E611384F028}.Debug|Any CPU.Build.0 = Debug|Any CPU
		{2A41B5D8-3841-45E5-8BBA-6E611384F028}.Release|Any CPU.ActiveCfg = Release|Any CPU
		{2A41B5D8-3841-45E5-8BBA-6E611384F028}.Release|Any CPU.Build.0 = Release|Any CPU
		{1FB70C0A-943F-4C68-B680-7E96797B4A32}.Debug|Any CPU.ActiveCfg = Debug|Any CPU
		{1FB70C0A-943F-4C68-B680-7E96797B4A32}.Debug|Any CPU.Build.0 = Debug|Any CPU
		{1FB70C0A-943F-4C68-B680-7E96797B4A32}.Debug|Any CPU.Deploy.0 = Debug|Any CPU
		{1FB70C0A-943F-4C68-B680-7E96797B4A32}.Release|Any CPU.ActiveCfg = Release|Any CPU
		{1FB70C0A-943F-4C68-B680-7E96797B4A32}.Release|Any CPU.Build.0 = Release|Any CPU
		{1FB70C0A-943F-4C68-B680-7E96797B4A32}.Release|Any CPU.Deploy.0 = Release|Any CPU
		{CB6050C8-1F23-44E9-A77C-C1854E162746}.Debug|Any CPU.ActiveCfg = Debug|Any CPU
		{CB6050C8-1F23-44E9-A77C-C1854E162746}.Debug|Any CPU.Build.0 = Debug|Any CPU
		{CB6050C8-1F23-44E9-A77C-C1854E162746}.Release|Any CPU.ActiveCfg = Release|Any CPU
		{CB6050C8-1F23-44E9-A77C-C1854E162746}.Release|Any CPU.Build.0 = Release|Any CPU
		{C943F63B-652A-49EE-8AF2-8BD1B1A329E4}.Debug|Any CPU.ActiveCfg = Debug|Any CPU
		{C943F63B-652A-49EE-8AF2-8BD1B1A329E4}.Debug|Any CPU.Build.0 = Debug|Any CPU
		{C943F63B-652A-49EE-8AF2-8BD1B1A329E4}.Release|Any CPU.ActiveCfg = Release|Any CPU
		{C943F63B-652A-49EE-8AF2-8BD1B1A329E4}.Release|Any CPU.Build.0 = Release|Any CPU
		{6FFB581A-7442-403C-9605-0E6A91D50BB6}.Debug|Any CPU.ActiveCfg = Debug|Any CPU
		{6FFB581A-7442-403C-9605-0E6A91D50BB6}.Debug|Any CPU.Build.0 = Debug|Any CPU
		{6FFB581A-7442-403C-9605-0E6A91D50BB6}.Release|Any CPU.ActiveCfg = Release|Any CPU
		{6FFB581A-7442-403C-9605-0E6A91D50BB6}.Release|Any CPU.Build.0 = Release|Any CPU
		{381C9FC5-2DF4-4360-AF21-ECA4D31BCDF0}.Debug|Any CPU.ActiveCfg = Debug|Any CPU
		{381C9FC5-2DF4-4360-AF21-ECA4D31BCDF0}.Debug|Any CPU.Build.0 = Debug|Any CPU
		{381C9FC5-2DF4-4360-AF21-ECA4D31BCDF0}.Release|Any CPU.ActiveCfg = Release|Any CPU
		{381C9FC5-2DF4-4360-AF21-ECA4D31BCDF0}.Release|Any CPU.Build.0 = Release|Any CPU
	EndGlobalSection
	GlobalSection(SolutionProperties) = preSolution
		HideSolutionNode = FALSE
	EndGlobalSection
	GlobalSection(NestedProjects) = preSolution
		{2A41B5D8-3841-45E5-8BBA-6E611384F028} = {21719EBD-8896-4E5B-94AC-B15834ED91DD}
		{1FB70C0A-943F-4C68-B680-7E96797B4A32} = {9377EBA8-8D74-4BA1-90F2-58AE79C7A3BF}
		{CB6050C8-1F23-44E9-A77C-C1854E162746} = {A8B3DBB0-A011-4546-85D2-48C34EAD3CDC}
		{C943F63B-652A-49EE-8AF2-8BD1B1A329E4} = {21719EBD-8896-4E5B-94AC-B15834ED91DD}
		{6FFB581A-7442-403C-9605-0E6A91D50BB6} = {A8B3DBB0-A011-4546-85D2-48C34EAD3CDC}
		{381C9FC5-2DF4-4360-AF21-ECA4D31BCDF0} = {21719EBD-8896-4E5B-94AC-B15834ED91DD}
	EndGlobalSection
	GlobalSection(ExtensibilityGlobals) = postSolution
		SolutionGuid = {15C261BE-E266-41FE-942E-BBD970920BF7}
	EndGlobalSection
EndGlobal
