
Microsoft Visual Studio Solution File, Format Version 12.00
# Visual Studio Version 17
VisualStudioVersion = 17.7.34031.279
MinimumVisualStudioVersion = 10.0.40219.1
Project("{FAE04EC0-301F-11D3-BF4B-00C04F79EFBC}") = "TRMDataManager", "TRMDataManager\TRMDataManager.csproj", "{2A41B5D8-3841-45E5-8BBA-6E611384F028}"
EndProject
Project("{00D1A9C2-B5F0-4AF3-8072-F6C62B433612}") = "TRMData", "TRMData\TRMData.sqlproj", "{1FB70C0A-943F-4C68-B680-7E96797B4A32}"
EndProject
Project("{FAE04EC0-301F-11D3-BF4B-00C04F79EFBC}") = "TRMDesktopUI", "TRMDesktopUI\TRMDesktopUI.csproj", "{CB6050C8-1F23-44E9-A77C-C1854E162746}"
EndProject
Global
	GlobalSection(SolutionConfigurationPlatforms) = preSolution
		Debug|Any CPU = Debug|Any CPU
		Release|Any CPU = Release|Any CPU
	EndGlobalSection
	GlobalSection(ProjectConfigurationPlatforms) = postSolution
		{2A41B5D8-3841-45E5-8BBA-6E611384F028}.Debug|Any CPU.ActiveCfg = Debug|Any CPU
		{2A41B5D8-3841-45E5-8BBA-6E611384F028}.Debug|Any CPU.Build.0 = Debug|Any CPU
		{2A41B5D8-3841-45E5-8BBA-6E611384F028}.Release|Any CPU.ActiveCfg = Release|Any CPU
		{2A41B5D8-3841-45E5-8BBA-6E611384F028}.Release|Any CPU.Build.0 = Release|Any CPU
		{1FB70C0A-943F-4C68-B680-7E96797B4A32}.Debug|Any CPU.ActiveCfg = Debug|Any CPU
		{1FB70C0A-943F-4C68-B680-7E96797B4A32}.Debug|Any CPU.Build.0 = Debug|Any CPU
		{1FB70C0A-943F-4C68-B680-7E96797B4A32}.Debug|Any CPU.Deploy.0 = Debug|Any CPU
		{1FB70C0A-943F-4C68-B680-7E96797B4A32}.Release|Any CPU.ActiveCfg = Release|Any CPU
		{1FB70C0A-943F-4C68-B680-7E96797B4A32}.Release|Any CPU.Build.0 = Release|Any CPU
		{1FB70C0A-943F-4C68-B680-7E96797B4A32}.Release|Any CPU.Deploy.0 = Release|Any CPU
		{CB6050C8-1F23-44E9-A77C-C1854E162746}.Debug|Any CPU.ActiveCfg = Debug|Any CPU
		{CB6050C8-1F23-44E9-A77C-C1854E162746}.Debug|Any CPU.Build.0 = Debug|Any CPU
		{CB6050C8-1F23-44E9-A77C-C1854E162746}.Release|Any CPU.ActiveCfg = Release|Any CPU
		{CB6050C8-1F23-44E9-A77C-C1854E162746}.Release|Any CPU.Build.0 = Release|Any CPU
	EndGlobalSection
	GlobalSection(SolutionProperties) = preSolution
		HideSolutionNode = FALSE
	EndGlobalSection
	GlobalSection(ExtensibilityGlobals) = postSolution
		SolutionGuid = {15C261BE-E266-41FE-942E-BBD970920BF7}
	EndGlobalSection
EndGlobal
